
Microsoft Visual Studio Solution File, Format Version 12.00
# Visual Studio Version 17
VisualStudioVersion = 17.6.33829.357
MinimumVisualStudioVersion = 10.0.40219.1
Project("{FAE04EC0-301F-11D3-BF4B-00C04F79EFBC}") = "ShapeAreaCalculator", "ShapeAreaCalculator\ShapeAreaCalculator.csproj", "{CCA417D9-2CFE-41E9-9E09-A4ED954D1A7E}"
EndProject
Project("{FAE04EC0-301F-11D3-BF4B-00C04F79EFBC}") = "ShapeAreaCalculatorTest", "ShapeAreaCalculatorTest\ShapeAreaCalculatorTest.csproj", "{0BED87E7-0338-452B-B0D0-1050FDB98B16}"
EndProject
Global
	GlobalSection(SolutionConfigurationPlatforms) = preSolution
		Debug|Any CPU = Debug|Any CPU
		Release|Any CPU = Release|Any CPU
	EndGlobalSection
	GlobalSection(ProjectConfigurationPlatforms) = postSolution
		{CCA417D9-2CFE-41E9-9E09-A4ED954D1A7E}.Debug|Any CPU.ActiveCfg = Debug|Any CPU
		{CCA417D9-2CFE-41E9-9E09-A4ED954D1A7E}.Debug|Any CPU.Build.0 = Debug|Any CPU
		{CCA417D9-2CFE-41E9-9E09-A4ED954D1A7E}.Release|Any CPU.ActiveCfg = Release|Any CPU
		{CCA417D9-2CFE-41E9-9E09-A4ED954D1A7E}.Release|Any CPU.Build.0 = Release|Any CPU
		{0BED87E7-0338-452B-B0D0-1050FDB98B16}.Debug|Any CPU.ActiveCfg = Debug|Any CPU
		{0BED87E7-0338-452B-B0D0-1050FDB98B16}.Debug|Any CPU.Build.0 = Debug|Any CPU
		{0BED87E7-0338-452B-B0D0-1050FDB98B16}.Release|Any CPU.ActiveCfg = Release|Any CPU
		{0BED87E7-0338-452B-B0D0-1050FDB98B16}.Release|Any CPU.Build.0 = Release|Any CPU
	EndGlobalSection
	GlobalSection(SolutionProperties) = preSolution
		HideSolutionNode = FALSE
	EndGlobalSection
	GlobalSection(ExtensibilityGlobals) = postSolution
		SolutionGuid = {BF3E0CE7-EC16-435F-AEFF-DB17A29EFA52}
	EndGlobalSection
EndGlobal
